
Microsoft Visual Studio Solution File, Format Version 12.00
# Visual Studio 15
VisualStudioVersion = 15.0.26730.15
MinimumVisualStudioVersion = 10.0.40219.1
Project("{FAE04EC0-301F-11D3-BF4B-00C04F79EFBC}") = "PS0.1", "Easitor\PS0.1.csproj", "{12BF0E12-E1DD-45EA-B362-19D47924CB53}"
EndProject
Global
	GlobalSection(SolutionConfigurationPlatforms) = preSolution
		Debug|Any CPU = Debug|Any CPU
		Release|Any CPU = Release|Any CPU
	EndGlobalSection
	GlobalSection(ProjectConfigurationPlatforms) = postSolution
		{12BF0E12-E1DD-45EA-B362-19D47924CB53}.Debug|Any CPU.ActiveCfg = Debug|Any CPU
		{12BF0E12-E1DD-45EA-B362-19D47924CB53}.Debug|Any CPU.Build.0 = Debug|Any CPU
		{12BF0E12-E1DD-45EA-B362-19D47924CB53}.Release|Any CPU.ActiveCfg = Release|Any CPU
		{12BF0E12-E1DD-45EA-B362-19D47924CB53}.Release|Any CPU.Build.0 = Release|Any CPU
	EndGlobalSection
	GlobalSection(SolutionProperties) = preSolution
		HideSolutionNode = FALSE
	EndGlobalSection
	GlobalSection(ExtensibilityGlobals) = postSolution
		SolutionGuid = {8129B630-0F4E-4FEE-B599-5DF7910AB6C0}
	EndGlobalSection
EndGlobal
